
Microsoft Visual Studio Solution File, Format Version 12.00
# Visual Studio 14
VisualStudioVersion = 14.0.25420.1
MinimumVisualStudioVersion = 10.0.40219.1
Project("{FAE04EC0-301F-11D3-BF4B-00C04F79EFBC}") = "SplitDescriptionObjects", "SplitDescriptionObjects\SplitDescriptionObjects.csproj", "{60F4C12A-49BA-4831-ABCE-6D83FF46FBDE}"
EndProject
Project("{FAE04EC0-301F-11D3-BF4B-00C04F79EFBC}") = "UnmarshallingSplitXml", "UnmarshallingSplitXml\UnmarshallingSplitXml.csproj", "{84CBCBE8-CEAE-43F0-A73A-856494DB5E4F}"
EndProject
Project("{FAE04EC0-301F-11D3-BF4B-00C04F79EFBC}") = "DocumentSplitEngine", "DocumentSplitEngine\DocumentSplitEngine.csproj", "{13BC6BC9-E590-491C-8EB3-37559C25994C}"
EndProject
Project("{FAE04EC0-301F-11D3-BF4B-00C04F79EFBC}") = "DocumentMergeEngine", "DocumentMergeEngine\DocumentMergeEngine.csproj", "{9FA41EDE-2545-4F48-901B-E29E4605967B}"
EndProject
Project("{FAE04EC0-301F-11D3-BF4B-00C04F79EFBC}") = "DocumentTransitionAppServices", "DocumentTransitionAppServices\DocumentTransitionAppServices\DocumentTransitionAppServices.csproj", "{364AF44B-B5C5-4A2F-8231-092B72F1878B}"
EndProject
Project("{FAE04EC0-301F-11D3-BF4B-00C04F79EFBC}") = "DocumentEditPartsEngine", "DocumentEditPartsEngine\DocumentEditPartsEngine.csproj", "{55FC58A3-200E-4FE1-84F5-337427620426}"
EndProject
Project("{FAE04EC0-301F-11D3-BF4B-00C04F79EFBC}") = "OpenXMLTools", "OpenXMLTools\OpenXMLTools.csproj", "{46987BE4-7719-42D4-A2E3-D0A60FA5F2C7}"
EndProject
Project("{2150E333-8FDC-42A3-9474-1A3956D46DE8}") = "User Interface", "User Interface", "{D8038963-C722-4C6A-A06F-980FA949D4A2}"
EndProject
Project("{2150E333-8FDC-42A3-9474-1A3956D46DE8}") = "Services", "Services", "{226D04B7-B3D6-47E1-9503-72788BC755C0}"
EndProject
Project("{2150E333-8FDC-42A3-9474-1A3956D46DE8}") = "Open-XML-SDK-Office2016", "Open-XML-SDK-Office2016", "{DE82BBFF-3F78-429E-88AE-02EF7C68FDC5}"
EndProject
Project("{FAE04EC0-301F-11D3-BF4B-00C04F79EFBC}") = "DocumentFormat.OpenXml", "..\DocumentFormat\DocumentFormat.OpenXml.csproj", "{E5D39C6A-9067-477E-B0D3-A9419B86E6E5}"
EndProject
Project("{FAE04EC0-301F-11D3-BF4B-00C04F79EFBC}") = "System.IO.Packaging", "..\System.IO\System.IO.Packaging.csproj", "{4C88A3AD-1241-4A04-854B-8372DF29828D}"
EndProject
Global
	GlobalSection(SubversionScc) = preSolution
		Svn-Managed = True
		Manager = AnkhSVN - Subversion Support for Visual Studio
	EndGlobalSection
	GlobalSection(SolutionConfigurationPlatforms) = preSolution
		Debug|Any CPU = Debug|Any CPU
		Debug|ARM = Debug|ARM
		Debug|x64 = Debug|x64
		Debug|x86 = Debug|x86
		Release|Any CPU = Release|Any CPU
		Release|ARM = Release|ARM
		Release|x64 = Release|x64
		Release|x86 = Release|x86
	EndGlobalSection
	GlobalSection(ProjectConfigurationPlatforms) = postSolution
		{60F4C12A-49BA-4831-ABCE-6D83FF46FBDE}.Debug|Any CPU.ActiveCfg = Debug|Any CPU
		{60F4C12A-49BA-4831-ABCE-6D83FF46FBDE}.Debug|Any CPU.Build.0 = Debug|Any CPU
		{60F4C12A-49BA-4831-ABCE-6D83FF46FBDE}.Debug|ARM.ActiveCfg = Debug|Any CPU
		{60F4C12A-49BA-4831-ABCE-6D83FF46FBDE}.Debug|x64.ActiveCfg = Debug|Any CPU
		{60F4C12A-49BA-4831-ABCE-6D83FF46FBDE}.Debug|x64.Build.0 = Debug|Any CPU
		{60F4C12A-49BA-4831-ABCE-6D83FF46FBDE}.Debug|x86.ActiveCfg = Debug|Any CPU
		{60F4C12A-49BA-4831-ABCE-6D83FF46FBDE}.Release|Any CPU.ActiveCfg = Release|Any CPU
		{60F4C12A-49BA-4831-ABCE-6D83FF46FBDE}.Release|Any CPU.Build.0 = Release|Any CPU
		{60F4C12A-49BA-4831-ABCE-6D83FF46FBDE}.Release|ARM.ActiveCfg = Release|Any CPU
		{60F4C12A-49BA-4831-ABCE-6D83FF46FBDE}.Release|x64.ActiveCfg = Release|Any CPU
		{60F4C12A-49BA-4831-ABCE-6D83FF46FBDE}.Release|x64.Build.0 = Release|Any CPU
		{60F4C12A-49BA-4831-ABCE-6D83FF46FBDE}.Release|x86.ActiveCfg = Release|Any CPU
		{84CBCBE8-CEAE-43F0-A73A-856494DB5E4F}.Debug|Any CPU.ActiveCfg = Debug|Any CPU
		{84CBCBE8-CEAE-43F0-A73A-856494DB5E4F}.Debug|Any CPU.Build.0 = Debug|Any CPU
		{84CBCBE8-CEAE-43F0-A73A-856494DB5E4F}.Debug|ARM.ActiveCfg = Debug|Any CPU
		{84CBCBE8-CEAE-43F0-A73A-856494DB5E4F}.Debug|x64.ActiveCfg = Debug|Any CPU
		{84CBCBE8-CEAE-43F0-A73A-856494DB5E4F}.Debug|x64.Build.0 = Debug|Any CPU
		{84CBCBE8-CEAE-43F0-A73A-856494DB5E4F}.Debug|x86.ActiveCfg = Debug|Any CPU
		{84CBCBE8-CEAE-43F0-A73A-856494DB5E4F}.Release|Any CPU.ActiveCfg = Release|Any CPU
		{84CBCBE8-CEAE-43F0-A73A-856494DB5E4F}.Release|Any CPU.Build.0 = Release|Any CPU
		{84CBCBE8-CEAE-43F0-A73A-856494DB5E4F}.Release|ARM.ActiveCfg = Release|Any CPU
		{84CBCBE8-CEAE-43F0-A73A-856494DB5E4F}.Release|x64.ActiveCfg = Release|Any CPU
		{84CBCBE8-CEAE-43F0-A73A-856494DB5E4F}.Release|x64.Build.0 = Release|Any CPU
		{84CBCBE8-CEAE-43F0-A73A-856494DB5E4F}.Release|x86.ActiveCfg = Release|Any CPU
		{13BC6BC9-E590-491C-8EB3-37559C25994C}.Debug|Any CPU.ActiveCfg = Debug|Any CPU
		{13BC6BC9-E590-491C-8EB3-37559C25994C}.Debug|Any CPU.Build.0 = Debug|Any CPU
		{13BC6BC9-E590-491C-8EB3-37559C25994C}.Debug|ARM.ActiveCfg = Debug|Any CPU
		{13BC6BC9-E590-491C-8EB3-37559C25994C}.Debug|x64.ActiveCfg = Debug|Any CPU
		{13BC6BC9-E590-491C-8EB3-37559C25994C}.Debug|x64.Build.0 = Debug|Any CPU
		{13BC6BC9-E590-491C-8EB3-37559C25994C}.Debug|x86.ActiveCfg = Debug|Any CPU
		{13BC6BC9-E590-491C-8EB3-37559C25994C}.Release|Any CPU.ActiveCfg = Release|Any CPU
		{13BC6BC9-E590-491C-8EB3-37559C25994C}.Release|Any CPU.Build.0 = Release|Any CPU
		{13BC6BC9-E590-491C-8EB3-37559C25994C}.Release|ARM.ActiveCfg = Release|Any CPU
		{13BC6BC9-E590-491C-8EB3-37559C25994C}.Release|x64.ActiveCfg = Release|Any CPU
		{13BC6BC9-E590-491C-8EB3-37559C25994C}.Release|x64.Build.0 = Release|Any CPU
		{13BC6BC9-E590-491C-8EB3-37559C25994C}.Release|x86.ActiveCfg = Release|Any CPU
		{9FA41EDE-2545-4F48-901B-E29E4605967B}.Debug|Any CPU.ActiveCfg = Debug|Any CPU
		{9FA41EDE-2545-4F48-901B-E29E4605967B}.Debug|Any CPU.Build.0 = Debug|Any CPU
		{9FA41EDE-2545-4F48-901B-E29E4605967B}.Debug|ARM.ActiveCfg = Debug|Any CPU
		{9FA41EDE-2545-4F48-901B-E29E4605967B}.Debug|x64.ActiveCfg = Debug|Any CPU
		{9FA41EDE-2545-4F48-901B-E29E4605967B}.Debug|x64.Build.0 = Debug|Any CPU
		{9FA41EDE-2545-4F48-901B-E29E4605967B}.Debug|x86.ActiveCfg = Debug|Any CPU
		{9FA41EDE-2545-4F48-901B-E29E4605967B}.Release|Any CPU.ActiveCfg = Release|Any CPU
		{9FA41EDE-2545-4F48-901B-E29E4605967B}.Release|Any CPU.Build.0 = Release|Any CPU
		{9FA41EDE-2545-4F48-901B-E29E4605967B}.Release|ARM.ActiveCfg = Release|Any CPU
		{9FA41EDE-2545-4F48-901B-E29E4605967B}.Release|x64.ActiveCfg = Release|Any CPU
		{9FA41EDE-2545-4F48-901B-E29E4605967B}.Release|x64.Build.0 = Release|Any CPU
		{9FA41EDE-2545-4F48-901B-E29E4605967B}.Release|x86.ActiveCfg = Release|Any CPU
		{364AF44B-B5C5-4A2F-8231-092B72F1878B}.Debug|Any CPU.ActiveCfg = Debug|Any CPU
		{364AF44B-B5C5-4A2F-8231-092B72F1878B}.Debug|Any CPU.Build.0 = Debug|Any CPU
		{364AF44B-B5C5-4A2F-8231-092B72F1878B}.Debug|ARM.ActiveCfg = Debug|Any CPU
		{364AF44B-B5C5-4A2F-8231-092B72F1878B}.Debug|x64.ActiveCfg = Debug|Any CPU
		{364AF44B-B5C5-4A2F-8231-092B72F1878B}.Debug|x64.Build.0 = Debug|Any CPU
		{364AF44B-B5C5-4A2F-8231-092B72F1878B}.Debug|x86.ActiveCfg = Debug|Any CPU
		{364AF44B-B5C5-4A2F-8231-092B72F1878B}.Release|Any CPU.ActiveCfg = Release|Any CPU
		{364AF44B-B5C5-4A2F-8231-092B72F1878B}.Release|Any CPU.Build.0 = Release|Any CPU
		{364AF44B-B5C5-4A2F-8231-092B72F1878B}.Release|ARM.ActiveCfg = Release|Any CPU
		{364AF44B-B5C5-4A2F-8231-092B72F1878B}.Release|x64.ActiveCfg = Release|Any CPU
		{364AF44B-B5C5-4A2F-8231-092B72F1878B}.Release|x64.Build.0 = Release|Any CPU
		{364AF44B-B5C5-4A2F-8231-092B72F1878B}.Release|x86.ActiveCfg = Release|Any CPU
		{55FC58A3-200E-4FE1-84F5-337427620426}.Debug|Any CPU.ActiveCfg = Debug|Any CPU
		{55FC58A3-200E-4FE1-84F5-337427620426}.Debug|Any CPU.Build.0 = Debug|Any CPU
		{55FC58A3-200E-4FE1-84F5-337427620426}.Debug|ARM.ActiveCfg = Debug|Any CPU
		{55FC58A3-200E-4FE1-84F5-337427620426}.Debug|ARM.Build.0 = Debug|Any CPU
		{55FC58A3-200E-4FE1-84F5-337427620426}.Debug|x64.ActiveCfg = Debug|Any CPU
		{55FC58A3-200E-4FE1-84F5-337427620426}.Debug|x64.Build.0 = Debug|Any CPU
		{55FC58A3-200E-4FE1-84F5-337427620426}.Debug|x86.ActiveCfg = Debug|Any CPU
		{55FC58A3-200E-4FE1-84F5-337427620426}.Debug|x86.Build.0 = Debug|Any CPU
		{55FC58A3-200E-4FE1-84F5-337427620426}.Release|Any CPU.ActiveCfg = Release|Any CPU
		{55FC58A3-200E-4FE1-84F5-337427620426}.Release|Any CPU.Build.0 = Release|Any CPU
		{55FC58A3-200E-4FE1-84F5-337427620426}.Release|ARM.ActiveCfg = Release|Any CPU
		{55FC58A3-200E-4FE1-84F5-337427620426}.Release|ARM.Build.0 = Release|Any CPU
		{55FC58A3-200E-4FE1-84F5-337427620426}.Release|x64.ActiveCfg = Release|Any CPU
		{55FC58A3-200E-4FE1-84F5-337427620426}.Release|x64.Build.0 = Release|Any CPU
		{55FC58A3-200E-4FE1-84F5-337427620426}.Release|x86.ActiveCfg = Release|Any CPU
		{55FC58A3-200E-4FE1-84F5-337427620426}.Release|x86.Build.0 = Release|Any CPU
		{46987BE4-7719-42D4-A2E3-D0A60FA5F2C7}.Debug|Any CPU.ActiveCfg = Debug|Any CPU
		{46987BE4-7719-42D4-A2E3-D0A60FA5F2C7}.Debug|Any CPU.Build.0 = Debug|Any CPU
		{46987BE4-7719-42D4-A2E3-D0A60FA5F2C7}.Debug|ARM.ActiveCfg = Debug|Any CPU
		{46987BE4-7719-42D4-A2E3-D0A60FA5F2C7}.Debug|ARM.Build.0 = Debug|Any CPU
		{46987BE4-7719-42D4-A2E3-D0A60FA5F2C7}.Debug|x64.ActiveCfg = Debug|Any CPU
		{46987BE4-7719-42D4-A2E3-D0A60FA5F2C7}.Debug|x64.Build.0 = Debug|Any CPU
		{46987BE4-7719-42D4-A2E3-D0A60FA5F2C7}.Debug|x86.ActiveCfg = Debug|Any CPU
		{46987BE4-7719-42D4-A2E3-D0A60FA5F2C7}.Debug|x86.Build.0 = Debug|Any CPU
		{46987BE4-7719-42D4-A2E3-D0A60FA5F2C7}.Release|Any CPU.ActiveCfg = Release|Any CPU
		{46987BE4-7719-42D4-A2E3-D0A60FA5F2C7}.Release|Any CPU.Build.0 = Release|Any CPU
		{46987BE4-7719-42D4-A2E3-D0A60FA5F2C7}.Release|ARM.ActiveCfg = Release|Any CPU
		{46987BE4-7719-42D4-A2E3-D0A60FA5F2C7}.Release|ARM.Build.0 = Release|Any CPU
		{46987BE4-7719-42D4-A2E3-D0A60FA5F2C7}.Release|x64.ActiveCfg = Release|Any CPU
		{46987BE4-7719-42D4-A2E3-D0A60FA5F2C7}.Release|x64.Build.0 = Release|Any CPU
		{46987BE4-7719-42D4-A2E3-D0A60FA5F2C7}.Release|x86.ActiveCfg = Release|Any CPU
		{46987BE4-7719-42D4-A2E3-D0A60FA5F2C7}.Release|x86.Build.0 = Release|Any CPU
		{E5D39C6A-9067-477E-B0D3-A9419B86E6E5}.Debug|Any CPU.ActiveCfg = Debug|Any CPU
		{E5D39C6A-9067-477E-B0D3-A9419B86E6E5}.Debug|Any CPU.Build.0 = Debug|Any CPU
		{E5D39C6A-9067-477E-B0D3-A9419B86E6E5}.Debug|ARM.ActiveCfg = Debug|Any CPU
		{E5D39C6A-9067-477E-B0D3-A9419B86E6E5}.Debug|ARM.Build.0 = Debug|Any CPU
		{E5D39C6A-9067-477E-B0D3-A9419B86E6E5}.Debug|x64.ActiveCfg = Debug|Any CPU
		{E5D39C6A-9067-477E-B0D3-A9419B86E6E5}.Debug|x64.Build.0 = Debug|Any CPU
		{E5D39C6A-9067-477E-B0D3-A9419B86E6E5}.Debug|x86.ActiveCfg = Debug|Any CPU
		{E5D39C6A-9067-477E-B0D3-A9419B86E6E5}.Debug|x86.Build.0 = Debug|Any CPU
		{E5D39C6A-9067-477E-B0D3-A9419B86E6E5}.Release|Any CPU.ActiveCfg = Release|Any CPU
		{E5D39C6A-9067-477E-B0D3-A9419B86E6E5}.Release|Any CPU.Build.0 = Release|Any CPU
		{E5D39C6A-9067-477E-B0D3-A9419B86E6E5}.Release|ARM.ActiveCfg = Release|Any CPU
		{E5D39C6A-9067-477E-B0D3-A9419B86E6E5}.Release|ARM.Build.0 = Release|Any CPU
		{E5D39C6A-9067-477E-B0D3-A9419B86E6E5}.Release|x64.ActiveCfg = Release|Any CPU
		{E5D39C6A-9067-477E-B0D3-A9419B86E6E5}.Release|x64.Build.0 = Release|Any CPU
		{E5D39C6A-9067-477E-B0D3-A9419B86E6E5}.Release|x86.ActiveCfg = Release|Any CPU
		{E5D39C6A-9067-477E-B0D3-A9419B86E6E5}.Release|x86.Build.0 = Release|Any CPU
		{4C88A3AD-1241-4A04-854B-8372DF29828D}.Debug|Any CPU.ActiveCfg = Debug|Any CPU
		{4C88A3AD-1241-4A04-854B-8372DF29828D}.Debug|Any CPU.Build.0 = Debug|Any CPU
		{4C88A3AD-1241-4A04-854B-8372DF29828D}.Debug|ARM.ActiveCfg = Debug|Any CPU
		{4C88A3AD-1241-4A04-854B-8372DF29828D}.Debug|ARM.Build.0 = Debug|Any CPU
		{4C88A3AD-1241-4A04-854B-8372DF29828D}.Debug|x64.ActiveCfg = Debug|Any CPU
		{4C88A3AD-1241-4A04-854B-8372DF29828D}.Debug|x64.Build.0 = Debug|Any CPU
		{4C88A3AD-1241-4A04-854B-8372DF29828D}.Debug|x86.ActiveCfg = Debug|Any CPU
		{4C88A3AD-1241-4A04-854B-8372DF29828D}.Debug|x86.Build.0 = Debug|Any CPU
		{4C88A3AD-1241-4A04-854B-8372DF29828D}.Release|Any CPU.ActiveCfg = Release|Any CPU
		{4C88A3AD-1241-4A04-854B-8372DF29828D}.Release|Any CPU.Build.0 = Release|Any CPU
		{4C88A3AD-1241-4A04-854B-8372DF29828D}.Release|ARM.ActiveCfg = Release|Any CPU
		{4C88A3AD-1241-4A04-854B-8372DF29828D}.Release|ARM.Build.0 = Release|Any CPU
		{4C88A3AD-1241-4A04-854B-8372DF29828D}.Release|x64.ActiveCfg = Release|Any CPU
		{4C88A3AD-1241-4A04-854B-8372DF29828D}.Release|x64.Build.0 = Release|Any CPU
		{4C88A3AD-1241-4A04-854B-8372DF29828D}.Release|x86.ActiveCfg = Release|Any CPU
		{4C88A3AD-1241-4A04-854B-8372DF29828D}.Release|x86.Build.0 = Release|Any CPU
	EndGlobalSection
	GlobalSection(SolutionProperties) = preSolution
		HideSolutionNode = FALSE
	EndGlobalSection
	GlobalSection(NestedProjects) = preSolution
		{364AF44B-B5C5-4A2F-8231-092B72F1878B} = {D8038963-C722-4C6A-A06F-980FA949D4A2}
		{E5D39C6A-9067-477E-B0D3-A9419B86E6E5} = {DE82BBFF-3F78-429E-88AE-02EF7C68FDC5}
		{4C88A3AD-1241-4A04-854B-8372DF29828D} = {DE82BBFF-3F78-429E-88AE-02EF7C68FDC5}
	EndGlobalSection
EndGlobal
