
Microsoft Visual Studio Solution File, Format Version 12.00
# Visual Studio 2012
Project("{FAE04EC0-301F-11D3-BF4B-00C04F79EFBC}") = "DocumentTransitionAppServices", "DocumentTransitionAppServices\DocumentTransitionAppServices.csproj", "{364AF44B-B5C5-4A2F-8231-092B72F1878B}"
EndProject
Project("{FAE04EC0-301F-11D3-BF4B-00C04F79EFBC}") = "DocumentSplitEngine", "..\DocumentTransitionApp(1)\DocumentSplitEngine\DocumentSplitEngine.csproj", "{13BC6BC9-E590-491C-8EB3-37559C25994C}"
EndProject
Project("{FAE04EC0-301F-11D3-BF4B-00C04F79EFBC}") = "SplitDescriptionObjects", "..\DocumentTransitionApp(1)\SplitDescriptionObjects\SplitDescriptionObjects.csproj", "{60F4C12A-49BA-4831-ABCE-6D83FF46FBDE}"
EndProject
Project("{FAE04EC0-301F-11D3-BF4B-00C04F79EFBC}") = "UnmarshallingSplitXml", "..\DocumentTransitionApp(1)\UnmarshallingSplitXml\UnmarshallingSplitXml.csproj", "{84CBCBE8-CEAE-43F0-A73A-856494DB5E4F}"
EndProject
Global
	GlobalSection(SubversionScc) = preSolution
		Svn-Managed = True
		Manager = AnkhSVN - Subversion Support for Visual Studio
	EndGlobalSection
	GlobalSection(SolutionConfigurationPlatforms) = preSolution
		Debug|Any CPU = Debug|Any CPU
		Release|Any CPU = Release|Any CPU
	EndGlobalSection
	GlobalSection(ProjectConfigurationPlatforms) = postSolution
		{364AF44B-B5C5-4A2F-8231-092B72F1878B}.Debug|Any CPU.ActiveCfg = Debug|Any CPU
		{364AF44B-B5C5-4A2F-8231-092B72F1878B}.Debug|Any CPU.Build.0 = Debug|Any CPU
		{364AF44B-B5C5-4A2F-8231-092B72F1878B}.Release|Any CPU.ActiveCfg = Release|Any CPU
		{364AF44B-B5C5-4A2F-8231-092B72F1878B}.Release|Any CPU.Build.0 = Release|Any CPU
		{13BC6BC9-E590-491C-8EB3-37559C25994C}.Debug|Any CPU.ActiveCfg = Debug|Any CPU
		{13BC6BC9-E590-491C-8EB3-37559C25994C}.Debug|Any CPU.Build.0 = Debug|Any CPU
		{13BC6BC9-E590-491C-8EB3-37559C25994C}.Release|Any CPU.ActiveCfg = Release|Any CPU
		{13BC6BC9-E590-491C-8EB3-37559C25994C}.Release|Any CPU.Build.0 = Release|Any CPU
		{60F4C12A-49BA-4831-ABCE-6D83FF46FBDE}.Debug|Any CPU.ActiveCfg = Debug|Any CPU
		{60F4C12A-49BA-4831-ABCE-6D83FF46FBDE}.Debug|Any CPU.Build.0 = Debug|Any CPU
		{60F4C12A-49BA-4831-ABCE-6D83FF46FBDE}.Release|Any CPU.ActiveCfg = Release|Any CPU
		{60F4C12A-49BA-4831-ABCE-6D83FF46FBDE}.Release|Any CPU.Build.0 = Release|Any CPU
		{84CBCBE8-CEAE-43F0-A73A-856494DB5E4F}.Debug|Any CPU.ActiveCfg = Debug|Any CPU
		{84CBCBE8-CEAE-43F0-A73A-856494DB5E4F}.Debug|Any CPU.Build.0 = Debug|Any CPU
		{84CBCBE8-CEAE-43F0-A73A-856494DB5E4F}.Release|Any CPU.ActiveCfg = Release|Any CPU
		{84CBCBE8-CEAE-43F0-A73A-856494DB5E4F}.Release|Any CPU.Build.0 = Release|Any CPU
	EndGlobalSection
	GlobalSection(SolutionProperties) = preSolution
		HideSolutionNode = FALSE
	EndGlobalSection
EndGlobal
